// !$*UTF8*$!
{
	archiveVersion = 1;
	classes = {
	};
	objectVersion = 51;
	objects = {

/* Begin PBXBuildFile section */
		1C13A9A12351512C00734D4C /* AppDelegate.swift in Sources */ = {isa = PBXBuildFile; fileRef = 1C13A9A02351512C00734D4C /* AppDelegate.swift */; };
		1C13A9A62351512C00734D4C /* Main.storyboard in Resources */ = {isa = PBXBuildFile; fileRef = 1C13A9A42351512C00734D4C /* Main.storyboard */; };
		1C13A9A82351512F00734D4C /* Assets.xcassets in Resources */ = {isa = PBXBuildFile; fileRef = 1C13A9A72351512F00734D4C /* Assets.xcassets */; };
		1C13A9AB2351512F00734D4C /* LaunchScreen.storyboard in Resources */ = {isa = PBXBuildFile; fileRef = 1C13A9A92351512F00734D4C /* LaunchScreen.storyboard */; };
		1C13A9B62351513000734D4C /* SocialPhotographyTests.swift in Sources */ = {isa = PBXBuildFile; fileRef = 1C13A9B52351513000734D4C /* SocialPhotographyTests.swift */; };
		1C13A9C52351552A00734D4C /* MapViewController.swift in Sources */ = {isa = PBXBuildFile; fileRef = 1C13A9C42351552A00734D4C /* MapViewController.swift */; };
		1C13A9C82351557A00734D4C /* MapLogicController.swift in Sources */ = {isa = PBXBuildFile; fileRef = 1C13A9C72351557A00734D4C /* MapLogicController.swift */; };
		1C13A9CB23515A4800734D4C /* Note.swift in Sources */ = {isa = PBXBuildFile; fileRef = 1C13A9CA23515A4800734D4C /* Note.swift */; };
		1C13A9CE23515AA800734D4C /* locations.json in Resources */ = {isa = PBXBuildFile; fileRef = 1C13A9CD23515AA800734D4C /* locations.json */; };
		1C13A9D023515B0A00734D4C /* NoteView.swift in Sources */ = {isa = PBXBuildFile; fileRef = 1C13A9CF23515B0A00734D4C /* NoteView.swift */; };
		1C1565E023515C89003AE46A /* DBManager.swift in Sources */ = {isa = PBXBuildFile; fileRef = 1C1565DF23515C89003AE46A /* DBManager.swift */; };
		1C1565E223515D48003AE46A /* LocationModel.swift in Sources */ = {isa = PBXBuildFile; fileRef = 1C1565E123515D48003AE46A /* LocationModel.swift */; };
		1C1565E4235164B1003AE46A /* Location.swift in Sources */ = {isa = PBXBuildFile; fileRef = 1C1565E3235164B1003AE46A /* Location.swift */; };
		1C1565E6235167B1003AE46A /* RealmExtension.swift in Sources */ = {isa = PBXBuildFile; fileRef = 1C1565E5235167B1003AE46A /* RealmExtension.swift */; };
		1C1565E823516FA8003AE46A /* LocationViewModel.swift in Sources */ = {isa = PBXBuildFile; fileRef = 1C1565E723516FA8003AE46A /* LocationViewModel.swift */; };
		1C1565EC23531040003AE46A /* SearchNoteViewController.swift in Sources */ = {isa = PBXBuildFile; fileRef = 1C1565EB23531040003AE46A /* SearchNoteViewController.swift */; };
		1C1565EE2353106F003AE46A /* SearchLogicController.swift in Sources */ = {isa = PBXBuildFile; fileRef = 1C1565ED2353106F003AE46A /* SearchLogicController.swift */; };
		1C1565F6235315CC003AE46A /* NoteTableViewCell.swift in Sources */ = {isa = PBXBuildFile; fileRef = 1C1565F4235315CC003AE46A /* NoteTableViewCell.swift */; };
		1C1565F7235315CC003AE46A /* NoteTableViewCell.xib in Resources */ = {isa = PBXBuildFile; fileRef = 1C1565F5235315CC003AE46A /* NoteTableViewCell.xib */; };
		1C1565F923531DC0003AE46A /* LocationDetailsViewController.swift in Sources */ = {isa = PBXBuildFile; fileRef = 1C1565F823531DC0003AE46A /* LocationDetailsViewController.swift */; };
		1C1565FB23532680003AE46A /* LocationDetailsLogicController.swift in Sources */ = {isa = PBXBuildFile; fileRef = 1C1565FA23532680003AE46A /* LocationDetailsLogicController.swift */; };
		1C1565FD235409B4003AE46A /* NotificationExtension.swift in Sources */ = {isa = PBXBuildFile; fileRef = 1C1565FC235409B4003AE46A /* NotificationExtension.swift */; };
		547419E4CC04B17DC955EB42 /* Pods_SocialPhotography.framework in Frameworks */ = {isa = PBXBuildFile; fileRef = 487CF0AE7560585F9EEA25C7 /* Pods_SocialPhotography.framework */; };
/* End PBXBuildFile section */

/* Begin PBXContainerItemProxy section */
		1C13A9B22351512F00734D4C /* PBXContainerItemProxy */ = {
			isa = PBXContainerItemProxy;
			containerPortal = 1C13A9952351512C00734D4C /* Project object */;
			proxyType = 1;
			remoteGlobalIDString = 1C13A99C2351512C00734D4C;
			remoteInfo = SocialPhotography;
		};
/* End PBXContainerItemProxy section */

/* Begin PBXFileReference section */
		1C13A99D2351512C00734D4C /* SocialPhotography.app */ = {isa = PBXFileReference; explicitFileType = wrapper.application; includeInIndex = 0; path = SocialPhotography.app; sourceTree = BUILT_PRODUCTS_DIR; };
		1C13A9A02351512C00734D4C /* AppDelegate.swift */ = {isa = PBXFileReference; lastKnownFileType = sourcecode.swift; path = AppDelegate.swift; sourceTree = "<group>"; };
		1C13A9A52351512C00734D4C /* Base */ = {isa = PBXFileReference; lastKnownFileType = file.storyboard; name = Base; path = Base.lproj/Main.storyboard; sourceTree = "<group>"; };
		1C13A9A72351512F00734D4C /* Assets.xcassets */ = {isa = PBXFileReference; lastKnownFileType = folder.assetcatalog; path = Assets.xcassets; sourceTree = "<group>"; };
		1C13A9AA2351512F00734D4C /* Base */ = {isa = PBXFileReference; lastKnownFileType = file.storyboard; name = Base; path = Base.lproj/LaunchScreen.storyboard; sourceTree = "<group>"; };
		1C13A9AC2351512F00734D4C /* Info.plist */ = {isa = PBXFileReference; lastKnownFileType = text.plist.xml; path = Info.plist; sourceTree = "<group>"; };
		1C13A9B12351512F00734D4C /* SocialPhotographyTests.xctest */ = {isa = PBXFileReference; explicitFileType = wrapper.cfbundle; includeInIndex = 0; path = SocialPhotographyTests.xctest; sourceTree = BUILT_PRODUCTS_DIR; };
		1C13A9B52351513000734D4C /* SocialPhotographyTests.swift */ = {isa = PBXFileReference; lastKnownFileType = sourcecode.swift; path = SocialPhotographyTests.swift; sourceTree = "<group>"; };
		1C13A9B72351513000734D4C /* Info.plist */ = {isa = PBXFileReference; lastKnownFileType = text.plist.xml; path = Info.plist; sourceTree = "<group>"; };
		1C13A9C42351552A00734D4C /* MapViewController.swift */ = {isa = PBXFileReference; lastKnownFileType = sourcecode.swift; path = MapViewController.swift; sourceTree = "<group>"; };
		1C13A9C72351557A00734D4C /* MapLogicController.swift */ = {isa = PBXFileReference; lastKnownFileType = sourcecode.swift; path = MapLogicController.swift; sourceTree = "<group>"; };
		1C13A9CA23515A4800734D4C /* Note.swift */ = {isa = PBXFileReference; lastKnownFileType = sourcecode.swift; path = Note.swift; sourceTree = "<group>"; };
		1C13A9CD23515AA800734D4C /* locations.json */ = {isa = PBXFileReference; fileEncoding = 4; lastKnownFileType = text.json; path = locations.json; sourceTree = "<group>"; };
		1C13A9CF23515B0A00734D4C /* NoteView.swift */ = {isa = PBXFileReference; lastKnownFileType = sourcecode.swift; path = NoteView.swift; sourceTree = "<group>"; };
		1C1565DF23515C89003AE46A /* DBManager.swift */ = {isa = PBXFileReference; lastKnownFileType = sourcecode.swift; path = DBManager.swift; sourceTree = "<group>"; };
		1C1565E123515D48003AE46A /* LocationModel.swift */ = {isa = PBXFileReference; lastKnownFileType = sourcecode.swift; path = LocationModel.swift; sourceTree = "<group>"; };
		1C1565E3235164B1003AE46A /* Location.swift */ = {isa = PBXFileReference; lastKnownFileType = sourcecode.swift; path = Location.swift; sourceTree = "<group>"; };
		1C1565E5235167B1003AE46A /* RealmExtension.swift */ = {isa = PBXFileReference; lastKnownFileType = sourcecode.swift; path = RealmExtension.swift; sourceTree = "<group>"; };
		1C1565E723516FA8003AE46A /* LocationViewModel.swift */ = {isa = PBXFileReference; lastKnownFileType = sourcecode.swift; path = LocationViewModel.swift; sourceTree = "<group>"; };
		1C1565EB23531040003AE46A /* SearchNoteViewController.swift */ = {isa = PBXFileReference; lastKnownFileType = sourcecode.swift; path = SearchNoteViewController.swift; sourceTree = "<group>"; };
		1C1565ED2353106F003AE46A /* SearchLogicController.swift */ = {isa = PBXFileReference; lastKnownFileType = sourcecode.swift; path = SearchLogicController.swift; sourceTree = "<group>"; };
		1C1565F4235315CC003AE46A /* NoteTableViewCell.swift */ = {isa = PBXFileReference; lastKnownFileType = sourcecode.swift; path = NoteTableViewCell.swift; sourceTree = "<group>"; };
		1C1565F5235315CC003AE46A /* NoteTableViewCell.xib */ = {isa = PBXFileReference; lastKnownFileType = file.xib; path = NoteTableViewCell.xib; sourceTree = "<group>"; };
		1C1565F823531DC0003AE46A /* LocationDetailsViewController.swift */ = {isa = PBXFileReference; lastKnownFileType = sourcecode.swift; path = LocationDetailsViewController.swift; sourceTree = "<group>"; };
		1C1565FA23532680003AE46A /* LocationDetailsLogicController.swift */ = {isa = PBXFileReference; lastKnownFileType = sourcecode.swift; path = LocationDetailsLogicController.swift; sourceTree = "<group>"; };
		1C1565FC235409B4003AE46A /* NotificationExtension.swift */ = {isa = PBXFileReference; lastKnownFileType = sourcecode.swift; path = NotificationExtension.swift; sourceTree = "<group>"; };
		287E239CCBF0B766F109E82E /* Pods-SocialPhotography.release.xcconfig */ = {isa = PBXFileReference; includeInIndex = 1; lastKnownFileType = text.xcconfig; name = "Pods-SocialPhotography.release.xcconfig"; path = "Target Support Files/Pods-SocialPhotography/Pods-SocialPhotography.release.xcconfig"; sourceTree = "<group>"; };
		487CF0AE7560585F9EEA25C7 /* Pods_SocialPhotography.framework */ = {isa = PBXFileReference; explicitFileType = wrapper.framework; includeInIndex = 0; path = Pods_SocialPhotography.framework; sourceTree = BUILT_PRODUCTS_DIR; };
		54FDA13671C1169C69095B03 /* Pods-SocialPhotography.debug.xcconfig */ = {isa = PBXFileReference; includeInIndex = 1; lastKnownFileType = text.xcconfig; name = "Pods-SocialPhotography.debug.xcconfig"; path = "Target Support Files/Pods-SocialPhotography/Pods-SocialPhotography.debug.xcconfig"; sourceTree = "<group>"; };
/* End PBXFileReference section */

/* Begin PBXFrameworksBuildPhase section */
		1C13A99A2351512C00734D4C /* Frameworks */ = {
			isa = PBXFrameworksBuildPhase;
			buildActionMask = 2147483647;
			files = (
				547419E4CC04B17DC955EB42 /* Pods_SocialPhotography.framework in Frameworks */,
			);
			runOnlyForDeploymentPostprocessing = 0;
		};
		1C13A9AE2351512F00734D4C /* Frameworks */ = {
			isa = PBXFrameworksBuildPhase;
			buildActionMask = 2147483647;
			files = (
			);
			runOnlyForDeploymentPostprocessing = 0;
		};
/* End PBXFrameworksBuildPhase section */

/* Begin PBXGroup section */
		1C13A9942351512C00734D4C = {
			isa = PBXGroup;
			children = (
				1C13A99F2351512C00734D4C /* SocialPhotography */,
				1C13A9B42351513000734D4C /* SocialPhotographyTests */,
				1C13A99E2351512C00734D4C /* Products */,
				D98E4E59179E2A25E445E707 /* Pods */,
				A3FF9DD566E10D5AAC7E586E /* Frameworks */,
			);
			sourceTree = "<group>";
		};
		1C13A99E2351512C00734D4C /* Products */ = {
			isa = PBXGroup;
			children = (
				1C13A99D2351512C00734D4C /* SocialPhotography.app */,
				1C13A9B12351512F00734D4C /* SocialPhotographyTests.xctest */,
			);
			name = Products;
			sourceTree = "<group>";
		};
		1C13A99F2351512C00734D4C /* SocialPhotography */ = {
			isa = PBXGroup;
			children = (
				1C1565EF235310DD003AE46A /* Cells */,
				1C13A9D423515C0700734D4C /* Realm */,
				1C13A9D123515B2900734D4C /* ViewModel */,
				1C13A9CC23515AA100734D4C /* File */,
				1C13A9C9235158D600734D4C /* Model */,
				1C13A9C62351556800734D4C /* LogicController */,
				1C13A9C0235153FB00734D4C /* Extension */,
				1C13A9C32351550700734D4C /* ViewControllers */,
				1C13A9A02351512C00734D4C /* AppDelegate.swift */,
				1C13A9A42351512C00734D4C /* Main.storyboard */,
				1C13A9A72351512F00734D4C /* Assets.xcassets */,
				1C13A9A92351512F00734D4C /* LaunchScreen.storyboard */,
				1C13A9AC2351512F00734D4C /* Info.plist */,
			);
			path = SocialPhotography;
			sourceTree = "<group>";
		};
		1C13A9B42351513000734D4C /* SocialPhotographyTests */ = {
			isa = PBXGroup;
			children = (
				1C13A9B52351513000734D4C /* SocialPhotographyTests.swift */,
				1C13A9B72351513000734D4C /* Info.plist */,
			);
			path = SocialPhotographyTests;
			sourceTree = "<group>";
		};
		1C13A9C0235153FB00734D4C /* Extension */ = {
			isa = PBXGroup;
			children = (
				1C1565E5235167B1003AE46A /* RealmExtension.swift */,
				1C1565FC235409B4003AE46A /* NotificationExtension.swift */,
			);
			path = Extension;
			sourceTree = "<group>";
		};
		1C13A9C32351550700734D4C /* ViewControllers */ = {
			isa = PBXGroup;
			children = (
				1C13A9C42351552A00734D4C /* MapViewController.swift */,
				1C1565EB23531040003AE46A /* SearchNoteViewController.swift */,
				1C1565F823531DC0003AE46A /* LocationDetailsViewController.swift */,
			);
			path = ViewControllers;
			sourceTree = "<group>";
		};
		1C13A9C62351556800734D4C /* LogicController */ = {
			isa = PBXGroup;
			children = (
				1C13A9C72351557A00734D4C /* MapLogicController.swift */,
				1C1565ED2353106F003AE46A /* SearchLogicController.swift */,
				1C1565FA23532680003AE46A /* LocationDetailsLogicController.swift */,
			);
			path = LogicController;
			sourceTree = "<group>";
		};
		1C13A9C9235158D600734D4C /* Model */ = {
			isa = PBXGroup;
			children = (
				1C13A9CA23515A4800734D4C /* Note.swift */,
				1C13A9CF23515B0A00734D4C /* NoteView.swift */,
				1C1565E3235164B1003AE46A /* Location.swift */,
			);
			path = Model;
			sourceTree = "<group>";
		};
		1C13A9CC23515AA100734D4C /* File */ = {
			isa = PBXGroup;
			children = (
				1C13A9CD23515AA800734D4C /* locations.json */,
			);
			path = File;
			sourceTree = "<group>";
		};
		1C13A9D123515B2900734D4C /* ViewModel */ = {
			isa = PBXGroup;
			children = (
				1C1565E723516FA8003AE46A /* LocationViewModel.swift */,
			);
			path = ViewModel;
			sourceTree = "<group>";
		};
		1C13A9D423515C0700734D4C /* Realm */ = {
			isa = PBXGroup;
			children = (
				1C1565DF23515C89003AE46A /* DBManager.swift */,
				1C1565E123515D48003AE46A /* LocationModel.swift */,
			);
			path = Realm;
			sourceTree = "<group>";
		};
		1C1565EF235310DD003AE46A /* Cells */ = {
			isa = PBXGroup;
			children = (
				1C1565F4235315CC003AE46A /* NoteTableViewCell.swift */,
				1C1565F5235315CC003AE46A /* NoteTableViewCell.xib */,
			);
			path = Cells;
			sourceTree = "<group>";
		};
		A3FF9DD566E10D5AAC7E586E /* Frameworks */ = {
			isa = PBXGroup;
			children = (
				487CF0AE7560585F9EEA25C7 /* Pods_SocialPhotography.framework */,
			);
			name = Frameworks;
			sourceTree = "<group>";
		};
		D98E4E59179E2A25E445E707 /* Pods */ = {
			isa = PBXGroup;
			children = (
				54FDA13671C1169C69095B03 /* Pods-SocialPhotography.debug.xcconfig */,
				287E239CCBF0B766F109E82E /* Pods-SocialPhotography.release.xcconfig */,
			);
			path = Pods;
			sourceTree = "<group>";
		};
/* End PBXGroup section */

/* Begin PBXNativeTarget section */
		1C13A99C2351512C00734D4C /* SocialPhotography */ = {
			isa = PBXNativeTarget;
			buildConfigurationList = 1C13A9BA2351513000734D4C /* Build configuration list for PBXNativeTarget "SocialPhotography" */;
			buildPhases = (
				60F67E8C9E3AD048707C7312 /* [CP] Check Pods Manifest.lock */,
				1C13A9992351512C00734D4C /* Sources */,
				1C13A99A2351512C00734D4C /* Frameworks */,
				1C13A99B2351512C00734D4C /* Resources */,
				DF10C59F2E1763FBD1F781ED /* [CP] Embed Pods Frameworks */,
			);
			buildRules = (
			);
			dependencies = (
			);
			name = SocialPhotography;
			productName = SocialPhotography;
			productReference = 1C13A99D2351512C00734D4C /* SocialPhotography.app */;
			productType = "com.apple.product-type.application";
		};
		1C13A9B02351512F00734D4C /* SocialPhotographyTests */ = {
			isa = PBXNativeTarget;
			buildConfigurationList = 1C13A9BD2351513000734D4C /* Build configuration list for PBXNativeTarget "SocialPhotographyTests" */;
			buildPhases = (
				1C13A9AD2351512F00734D4C /* Sources */,
				1C13A9AE2351512F00734D4C /* Frameworks */,
				1C13A9AF2351512F00734D4C /* Resources */,
			);
			buildRules = (
			);
			dependencies = (
				1C13A9B32351512F00734D4C /* PBXTargetDependency */,
			);
			name = SocialPhotographyTests;
			productName = SocialPhotographyTests;
			productReference = 1C13A9B12351512F00734D4C /* SocialPhotographyTests.xctest */;
			productType = "com.apple.product-type.bundle.unit-test";
		};
/* End PBXNativeTarget section */

/* Begin PBXProject section */
		1C13A9952351512C00734D4C /* Project object */ = {
			isa = PBXProject;
			attributes = {
				LastSwiftUpdateCheck = 1030;
				LastUpgradeCheck = 1030;
				ORGANIZATIONNAME = "Danish Aziz";
				TargetAttributes = {
					1C13A99C2351512C00734D4C = {
						CreatedOnToolsVersion = 10.3;
					};
					1C13A9B02351512F00734D4C = {
						CreatedOnToolsVersion = 10.3;
						TestTargetID = 1C13A99C2351512C00734D4C;
					};
				};
			};
			buildConfigurationList = 1C13A9982351512C00734D4C /* Build configuration list for PBXProject "SocialPhotography" */;
			compatibilityVersion = "Xcode 9.3";
			developmentRegion = en;
			hasScannedForEncodings = 0;
			knownRegions = (
				en,
				Base,
			);
			mainGroup = 1C13A9942351512C00734D4C;
			productRefGroup = 1C13A99E2351512C00734D4C /* Products */;
			projectDirPath = "";
			projectRoot = "";
			targets = (
				1C13A99C2351512C00734D4C /* SocialPhotography */,
				1C13A9B02351512F00734D4C /* SocialPhotographyTests */,
			);
		};
/* End PBXProject section */

/* Begin PBXResourcesBuildPhase section */
		1C13A99B2351512C00734D4C /* Resources */ = {
			isa = PBXResourcesBuildPhase;
			buildActionMask = 2147483647;
			files = (
				1C13A9AB2351512F00734D4C /* LaunchScreen.storyboard in Resources */,
				1C13A9A82351512F00734D4C /* Assets.xcassets in Resources */,
				1C13A9CE23515AA800734D4C /* locations.json in Resources */,
				1C1565F7235315CC003AE46A /* NoteTableViewCell.xib in Resources */,
				1C13A9A62351512C00734D4C /* Main.storyboard in Resources */,
			);
			runOnlyForDeploymentPostprocessing = 0;
		};
		1C13A9AF2351512F00734D4C /* Resources */ = {
			isa = PBXResourcesBuildPhase;
			buildActionMask = 2147483647;
			files = (
			);
			runOnlyForDeploymentPostprocessing = 0;
		};
/* End PBXResourcesBuildPhase section */

/* Begin PBXShellScriptBuildPhase section */
		60F67E8C9E3AD048707C7312 /* [CP] Check Pods Manifest.lock */ = {
			isa = PBXShellScriptBuildPhase;
			buildActionMask = 2147483647;
			files = (
			);
			inputFileListPaths = (
			);
			inputPaths = (
				"${PODS_PODFILE_DIR_PATH}/Podfile.lock",
				"${PODS_ROOT}/Manifest.lock",
			);
			name = "[CP] Check Pods Manifest.lock";
			outputFileListPaths = (
			);
			outputPaths = (
				"$(DERIVED_FILE_DIR)/Pods-SocialPhotography-checkManifestLockResult.txt",
			);
			runOnlyForDeploymentPostprocessing = 0;
			shellPath = /bin/sh;
			shellScript = "diff \"${PODS_PODFILE_DIR_PATH}/Podfile.lock\" \"${PODS_ROOT}/Manifest.lock\" > /dev/null\nif [ $? != 0 ] ; then\n    # print error to STDERR\n    echo \"error: The sandbox is not in sync with the Podfile.lock. Run 'pod install' or update your CocoaPods installation.\" >&2\n    exit 1\nfi\n# This output is used by Xcode 'outputs' to avoid re-running this script phase.\necho \"SUCCESS\" > \"${SCRIPT_OUTPUT_FILE_0}\"\n";
			showEnvVarsInLog = 0;
		};
		DF10C59F2E1763FBD1F781ED /* [CP] Embed Pods Frameworks */ = {
			isa = PBXShellScriptBuildPhase;
			buildActionMask = 2147483647;
			files = (
			);
			inputFileListPaths = (
				"${PODS_ROOT}/Target Support Files/Pods-SocialPhotography/Pods-SocialPhotography-frameworks-${CONFIGURATION}-input-files.xcfilelist",
			);
			name = "[CP] Embed Pods Frameworks";
			outputFileListPaths = (
				"${PODS_ROOT}/Target Support Files/Pods-SocialPhotography/Pods-SocialPhotography-frameworks-${CONFIGURATION}-output-files.xcfilelist",
			);
			runOnlyForDeploymentPostprocessing = 0;
			shellPath = /bin/sh;
			shellScript = "\"${PODS_ROOT}/Target Support Files/Pods-SocialPhotography/Pods-SocialPhotography-frameworks.sh\"\n";
			showEnvVarsInLog = 0;
		};
/* End PBXShellScriptBuildPhase section */

/* Begin PBXSourcesBuildPhase section */
		1C13A9992351512C00734D4C /* Sources */ = {
			isa = PBXSourcesBuildPhase;
			buildActionMask = 2147483647;
			files = (
				1C1565F923531DC0003AE46A /* LocationDetailsViewController.swift in Sources */,
				1C1565FB23532680003AE46A /* LocationDetailsLogicController.swift in Sources */,
				1C1565E4235164B1003AE46A /* Location.swift in Sources */,
				1C13A9C82351557A00734D4C /* MapLogicController.swift in Sources */,
				1C1565E023515C89003AE46A /* DBManager.swift in Sources */,
				1C13A9A12351512C00734D4C /* AppDelegate.swift in Sources */,
				1C1565F6235315CC003AE46A /* NoteTableViewCell.swift in Sources */,
				1C13A9C52351552A00734D4C /* MapViewController.swift in Sources */,
				1C1565E823516FA8003AE46A /* LocationViewModel.swift in Sources */,
				1C13A9D023515B0A00734D4C /* NoteView.swift in Sources */,
				1C1565FD235409B4003AE46A /* NotificationExtension.swift in Sources */,
				1C1565EC23531040003AE46A /* SearchNoteViewController.swift in Sources */,
				1C1565E6235167B1003AE46A /* RealmExtension.swift in Sources */,
				1C1565E223515D48003AE46A /* LocationModel.swift in Sources */,
				1C1565EE2353106F003AE46A /* SearchLogicController.swift in Sources */,
				1C13A9CB23515A4800734D4C /* Note.swift in Sources */,
			);
			runOnlyForDeploymentPostprocessing = 0;
		};
		1C13A9AD2351512F00734D4C /* Sources */ = {
			isa = PBXSourcesBuildPhase;
			buildActionMask = 2147483647;
			files = (
				1C13A9B62351513000734D4C /* SocialPhotographyTests.swift in Sources */,
			);
			runOnlyForDeploymentPostprocessing = 0;
		};
/* End PBXSourcesBuildPhase section */

/* Begin PBXTargetDependency section */
		1C13A9B32351512F00734D4C /* PBXTargetDependency */ = {
			isa = PBXTargetDependency;
			target = 1C13A99C2351512C00734D4C /* SocialPhotography */;
			targetProxy = 1C13A9B22351512F00734D4C /* PBXContainerItemProxy */;
		};
/* End PBXTargetDependency section */

/* Begin PBXVariantGroup section */
		1C13A9A42351512C00734D4C /* Main.storyboard */ = {
			isa = PBXVariantGroup;
			children = (
				1C13A9A52351512C00734D4C /* Base */,
			);
			name = Main.storyboard;
			sourceTree = "<group>";
		};
		1C13A9A92351512F00734D4C /* LaunchScreen.storyboard */ = {
			isa = PBXVariantGroup;
			children = (
				1C13A9AA2351512F00734D4C /* Base */,
			);
			name = LaunchScreen.storyboard;
			sourceTree = "<group>";
		};
/* End PBXVariantGroup section */

/* Begin XCBuildConfiguration section */
		1C13A9B82351513000734D4C /* Debug */ = {
			isa = XCBuildConfiguration;
			buildSettings = {
				ALWAYS_SEARCH_USER_PATHS = NO;
				CLANG_ANALYZER_NONNULL = YES;
				CLANG_ANALYZER_NUMBER_OBJECT_CONVERSION = YES_AGGRESSIVE;
				CLANG_CXX_LANGUAGE_STANDARD = "gnu++14";
				CLANG_CXX_LIBRARY = "libc++";
				CLANG_ENABLE_MODULES = YES;
				CLANG_ENABLE_OBJC_ARC = YES;
				CLANG_ENABLE_OBJC_WEAK = YES;
				CLANG_WARN_BLOCK_CAPTURE_AUTORELEASING = YES;
				CLANG_WARN_BOOL_CONVERSION = YES;
				CLANG_WARN_COMMA = YES;
				CLANG_WARN_CONSTANT_CONVERSION = YES;
				CLANG_WARN_DEPRECATED_OBJC_IMPLEMENTATIONS = YES;
				CLANG_WARN_DIRECT_OBJC_ISA_USAGE = YES_ERROR;
				CLANG_WARN_DOCUMENTATION_COMMENTS = YES;
				CLANG_WARN_EMPTY_BODY = YES;
				CLANG_WARN_ENUM_CONVERSION = YES;
				CLANG_WARN_INFINITE_RECURSION = YES;
				CLANG_WARN_INT_CONVERSION = YES;
				CLANG_WARN_NON_LITERAL_NULL_CONVERSION = YES;
				CLANG_WARN_OBJC_IMPLICIT_RETAIN_SELF = YES;
				CLANG_WARN_OBJC_LITERAL_CONVERSION = YES;
				CLANG_WARN_OBJC_ROOT_CLASS = YES_ERROR;
				CLANG_WARN_RANGE_LOOP_ANALYSIS = YES;
				CLANG_WARN_STRICT_PROTOTYPES = YES;
				CLANG_WARN_SUSPICIOUS_MOVE = YES;
				CLANG_WARN_UNGUARDED_AVAILABILITY = YES_AGGRESSIVE;
				CLANG_WARN_UNREACHABLE_CODE = YES;
				CLANG_WARN__DUPLICATE_METHOD_MATCH = YES;
				CODE_SIGN_IDENTITY = "iPhone Developer";
				COPY_PHASE_STRIP = NO;
				DEBUG_INFORMATION_FORMAT = dwarf;
				ENABLE_STRICT_OBJC_MSGSEND = YES;
				ENABLE_TESTABILITY = YES;
				GCC_C_LANGUAGE_STANDARD = gnu11;
				GCC_DYNAMIC_NO_PIC = NO;
				GCC_NO_COMMON_BLOCKS = YES;
				GCC_OPTIMIZATION_LEVEL = 0;
				GCC_PREPROCESSOR_DEFINITIONS = (
					"DEBUG=1",
					"$(inherited)",
				);
				GCC_WARN_64_TO_32_BIT_CONVERSION = YES;
				GCC_WARN_ABOUT_RETURN_TYPE = YES_ERROR;
				GCC_WARN_UNDECLARED_SELECTOR = YES;
				GCC_WARN_UNINITIALIZED_AUTOS = YES_AGGRESSIVE;
				GCC_WARN_UNUSED_FUNCTION = YES;
				GCC_WARN_UNUSED_VARIABLE = YES;
				IPHONEOS_DEPLOYMENT_TARGET = 12.4;
				MTL_ENABLE_DEBUG_INFO = INCLUDE_SOURCE;
				MTL_FAST_MATH = YES;
				ONLY_ACTIVE_ARCH = YES;
				SDKROOT = iphoneos;
				SWIFT_ACTIVE_COMPILATION_CONDITIONS = DEBUG;
				SWIFT_OPTIMIZATION_LEVEL = "-Onone";
			};
			name = Debug;
		};
		1C13A9B92351513000734D4C /* Release */ = {
			isa = XCBuildConfiguration;
			buildSettings = {
				ALWAYS_SEARCH_USER_PATHS = NO;
				CLANG_ANALYZER_NONNULL = YES;
				CLANG_ANALYZER_NUMBER_OBJECT_CONVERSION = YES_AGGRESSIVE;
				CLANG_CXX_LANGUAGE_STANDARD = "gnu++14";
				CLANG_CXX_LIBRARY = "libc++";
				CLANG_ENABLE_MODULES = YES;
				CLANG_ENABLE_OBJC_ARC = YES;
				CLANG_ENABLE_OBJC_WEAK = YES;
				CLANG_WARN_BLOCK_CAPTURE_AUTORELEASING = YES;
				CLANG_WARN_BOOL_CONVERSION = YES;
				CLANG_WARN_COMMA = YES;
				CLANG_WARN_CONSTANT_CONVERSION = YES;
				CLANG_WARN_DEPRECATED_OBJC_IMPLEMENTATIONS = YES;
				CLANG_WARN_DIRECT_OBJC_ISA_USAGE = YES_ERROR;
				CLANG_WARN_DOCUMENTATION_COMMENTS = YES;
				CLANG_WARN_EMPTY_BODY = YES;
				CLANG_WARN_ENUM_CONVERSION = YES;
				CLANG_WARN_INFINITE_RECURSION = YES;
				CLANG_WARN_INT_CONVERSION = YES;
				CLANG_WARN_NON_LITERAL_NULL_CONVERSION = YES;
				CLANG_WARN_OBJC_IMPLICIT_RETAIN_SELF = YES;
				CLANG_WARN_OBJC_LITERAL_CONVERSION = YES;
				CLANG_WARN_OBJC_ROOT_CLASS = YES_ERROR;
				CLANG_WARN_RANGE_LOOP_ANALYSIS = YES;
				CLANG_WARN_STRICT_PROTOTYPES = YES;
				CLANG_WARN_SUSPICIOUS_MOVE = YES;
				CLANG_WARN_UNGUARDED_AVAILABILITY = YES_AGGRESSIVE;
				CLANG_WARN_UNREACHABLE_CODE = YES;
				CLANG_WARN__DUPLICATE_METHOD_MATCH = YES;
				CODE_SIGN_IDENTITY = "iPhone Developer";
				COPY_PHASE_STRIP = NO;
				DEBUG_INFORMATION_FORMAT = "dwarf-with-dsym";
				ENABLE_NS_ASSERTIONS = NO;
				ENABLE_STRICT_OBJC_MSGSEND = YES;
				GCC_C_LANGUAGE_STANDARD = gnu11;
				GCC_NO_COMMON_BLOCKS = YES;
				GCC_WARN_64_TO_32_BIT_CONVERSION = YES;
				GCC_WARN_ABOUT_RETURN_TYPE = YES_ERROR;
				GCC_WARN_UNDECLARED_SELECTOR = YES;
				GCC_WARN_UNINITIALIZED_AUTOS = YES_AGGRESSIVE;
				GCC_WARN_UNUSED_FUNCTION = YES;
				GCC_WARN_UNUSED_VARIABLE = YES;
				IPHONEOS_DEPLOYMENT_TARGET = 12.4;
				MTL_ENABLE_DEBUG_INFO = NO;
				MTL_FAST_MATH = YES;
				SDKROOT = iphoneos;
				SWIFT_COMPILATION_MODE = wholemodule;
				SWIFT_OPTIMIZATION_LEVEL = "-O";
				VALIDATE_PRODUCT = YES;
			};
			name = Release;
		};
		1C13A9BB2351513000734D4C /* Debug */ = {
			isa = XCBuildConfiguration;
			baseConfigurationReference = 54FDA13671C1169C69095B03 /* Pods-SocialPhotography.debug.xcconfig */;
			buildSettings = {
				ASSETCATALOG_COMPILER_APPICON_NAME = AppIcon;
				CODE_SIGN_STYLE = Automatic;
				INFOPLIST_FILE = SocialPhotography/Info.plist;
				LD_RUNPATH_SEARCH_PATHS = (
					"$(inherited)",
					"@executable_path/Frameworks",
				);
				PRODUCT_BUNDLE_IDENTIFIER = danish.SocialPhotography;
				PRODUCT_NAME = "$(TARGET_NAME)";
				SWIFT_VERSION = 5.0;
				TARGETED_DEVICE_FAMILY = 1;
			};
			name = Debug;
		};
		1C13A9BC2351513000734D4C /* Release */ = {
			isa = XCBuildConfiguration;
			baseConfigurationReference = 287E239CCBF0B766F109E82E /* Pods-SocialPhotography.release.xcconfig */;
			buildSettings = {
				ASSETCATALOG_COMPILER_APPICON_NAME = AppIcon;
				CODE_SIGN_STYLE = Automatic;
				INFOPLIST_FILE = SocialPhotography/Info.plist;
				LD_RUNPATH_SEARCH_PATHS = (
					"$(inherited)",
					"@executable_path/Frameworks",
				);
				PRODUCT_BUNDLE_IDENTIFIER = danish.SocialPhotography;
				PRODUCT_NAME = "$(TARGET_NAME)";
				SWIFT_VERSION = 5.0;
				TARGETED_DEVICE_FAMILY = 1;
			};
			name = Release;
		};
		1C13A9BE2351513000734D4C /* Debug */ = {
			isa = XCBuildConfiguration;
			buildSettings = {
				ALWAYS_EMBED_SWIFT_STANDARD_LIBRARIES = YES;
				BUNDLE_LOADER = "$(TEST_HOST)";
				CODE_SIGN_STYLE = Automatic;
				INFOPLIST_FILE = SocialPhotographyTests/Info.plist;
				LD_RUNPATH_SEARCH_PATHS = (
					"$(inherited)",
					"@executable_path/Frameworks",
					"@loader_path/Frameworks",
				);
				PRODUCT_BUNDLE_IDENTIFIER = danish.SocialPhotographyTests;
				PRODUCT_NAME = "$(TARGET_NAME)";
				SWIFT_VERSION = 5.0;
				TARGETED_DEVICE_FAMILY = "1,2";
				TEST_HOST = "$(BUILT_PRODUCTS_DIR)/SocialPhotography.app/SocialPhotography";
			};
			name = Debug;
		};
		1C13A9BF2351513000734D4C /* Release */ = {
			isa = XCBuildConfiguration;
			buildSettings = {
				ALWAYS_EMBED_SWIFT_STANDARD_LIBRARIES = YES;
				BUNDLE_LOADER = "$(TEST_HOST)";
				CODE_SIGN_STYLE = Automatic;
				INFOPLIST_FILE = SocialPhotographyTests/Info.plist;
				LD_RUNPATH_SEARCH_PATHS = (
					"$(inherited)",
					"@executable_path/Frameworks",
					"@loader_path/Frameworks",
				);
				PRODUCT_BUNDLE_IDENTIFIER = danish.SocialPhotographyTests;
				PRODUCT_NAME = "$(TARGET_NAME)";
				SWIFT_VERSION = 5.0;
				TARGETED_DEVICE_FAMILY = "1,2";
				TEST_HOST = "$(BUILT_PRODUCTS_DIR)/SocialPhotography.app/SocialPhotography";
			};
			name = Release;
		};
/* End XCBuildConfiguration section */

/* Begin XCConfigurationList section */
		1C13A9982351512C00734D4C /* Build configuration list for PBXProject "SocialPhotography" */ = {
			isa = XCConfigurationList;
			buildConfigurations = (
				1C13A9B82351513000734D4C /* Debug */,
				1C13A9B92351513000734D4C /* Release */,
			);
			defaultConfigurationIsVisible = 0;
			defaultConfigurationName = Release;
		};
		1C13A9BA2351513000734D4C /* Build configuration list for PBXNativeTarget "SocialPhotography" */ = {
			isa = XCConfigurationList;
			buildConfigurations = (
				1C13A9BB2351513000734D4C /* Debug */,
				1C13A9BC2351513000734D4C /* Release */,
			);
			defaultConfigurationIsVisible = 0;
			defaultConfigurationName = Release;
		};
		1C13A9BD2351513000734D4C /* Build configuration list for PBXNativeTarget "SocialPhotographyTests" */ = {
			isa = XCConfigurationList;
			buildConfigurations = (
				1C13A9BE2351513000734D4C /* Debug */,
				1C13A9BF2351513000734D4C /* Release */,
			);
			defaultConfigurationIsVisible = 0;
			defaultConfigurationName = Release;
		};
/* End XCConfigurationList section */
	};
	rootObject = 1C13A9952351512C00734D4C /* Project object */;
}
